{
  "name": "enterprise-site",
  "version": "2.3.0",
  "lockfileVersion": 3,
  "requires": true,
  "packages": {
    "": {
      "name": "enterprise-site",
      "version": "2.3.0",
      "dependencies": {
        "@enterprise/markdown-renderer": "file:vendor/markdown-renderer"
      },
      "engines": {
        "node": ">=22"
      }
    },
    "node_modules/@enterprise/markdown-renderer": {
      "resolved": "vendor/markdown-renderer",
      "link": true
    },
    "vendor/markdown-renderer": {
      "name": "@enterprise/markdown-renderer",
      "version": "4.2.0",
      "license": "MIT"
    }
  }
}
